
Microsoft Visual Studio Solution File, Format Version 12.00
# Visual Studio Version 16
VisualStudioVersion = 16.0.30517.126
MinimumVisualStudioVersion = 10.0.40219.1
Project("{FAE04EC0-301F-11D3-BF4B-00C04F79EFBC}") = "GpxToolExt.Android", "GpxToolExt.Android\GpxToolExt.Android.csproj", "{3C698E54-D09F-4F6E-A319-D452CB0DA19E}"
EndProject
Project("{9A19103F-16F7-4668-BE54-9A1E7A4F7556}") = "GpxToolExt", "GpxToolExt\GpxToolExt.csproj", "{0867FF9C-1D84-4509-982D-F775458EB071}"
EndProject
Project("{FAE04EC0-301F-11D3-BF4B-00C04F79EFBC}") = "FSofTUtils.Android", "FSofTUtils.Android\FSofTUtils.Android.csproj", "{05EC3530-8D02-44B8-98C7-8FAB2A5F7B73}"
EndProject
Project("{9A19103F-16F7-4668-BE54-9A1E7A4F7556}") = "FSofTUtils.Xamarin", "FSofTUtils.Xamarin\FSofTUtils.Xamarin.csproj", "{584770DE-C3AC-4F9E-A663-D8DFCDA63BC8}"
EndProject
Global
	GlobalSection(SolutionConfigurationPlatforms) = preSolution
		Debug|Any CPU = Debug|Any CPU
		Release|Any CPU = Release|Any CPU
	EndGlobalSection
	GlobalSection(ProjectConfigurationPlatforms) = postSolution
		{3C698E54-D09F-4F6E-A319-D452CB0DA19E}.Debug|Any CPU.ActiveCfg = Debug|Any CPU
		{3C698E54-D09F-4F6E-A319-D452CB0DA19E}.Debug|Any CPU.Build.0 = Debug|Any CPU
		{3C698E54-D09F-4F6E-A319-D452CB0DA19E}.Debug|Any CPU.Deploy.0 = Debug|Any CPU
		{3C698E54-D09F-4F6E-A319-D452CB0DA19E}.Release|Any CPU.ActiveCfg = Release|Any CPU
		{3C698E54-D09F-4F6E-A319-D452CB0DA19E}.Release|Any CPU.Build.0 = Release|Any CPU
		{3C698E54-D09F-4F6E-A319-D452CB0DA19E}.Release|Any CPU.Deploy.0 = Release|Any CPU
		{0867FF9C-1D84-4509-982D-F775458EB071}.Debug|Any CPU.ActiveCfg = Debug|Any CPU
		{0867FF9C-1D84-4509-982D-F775458EB071}.Debug|Any CPU.Build.0 = Debug|Any CPU
		{0867FF9C-1D84-4509-982D-F775458EB071}.Debug|Any CPU.Deploy.0 = Debug|Any CPU
		{0867FF9C-1D84-4509-982D-F775458EB071}.Release|Any CPU.ActiveCfg = Release|Any CPU
		{0867FF9C-1D84-4509-982D-F775458EB071}.Release|Any CPU.Build.0 = Release|Any CPU
		{0867FF9C-1D84-4509-982D-F775458EB071}.Release|Any CPU.Deploy.0 = Release|Any CPU
		{05EC3530-8D02-44B8-98C7-8FAB2A5F7B73}.Debug|Any CPU.ActiveCfg = Debug|Any CPU
		{05EC3530-8D02-44B8-98C7-8FAB2A5F7B73}.Debug|Any CPU.Build.0 = Debug|Any CPU
		{05EC3530-8D02-44B8-98C7-8FAB2A5F7B73}.Release|Any CPU.ActiveCfg = Release|Any CPU
		{05EC3530-8D02-44B8-98C7-8FAB2A5F7B73}.Release|Any CPU.Build.0 = Release|Any CPU
		{584770DE-C3AC-4F9E-A663-D8DFCDA63BC8}.Debug|Any CPU.ActiveCfg = Debug|Any CPU
		{584770DE-C3AC-4F9E-A663-D8DFCDA63BC8}.Debug|Any CPU.Build.0 = Debug|Any CPU
		{584770DE-C3AC-4F9E-A663-D8DFCDA63BC8}.Release|Any CPU.ActiveCfg = Release|Any CPU
		{584770DE-C3AC-4F9E-A663-D8DFCDA63BC8}.Release|Any CPU.Build.0 = Release|Any CPU
	EndGlobalSection
	GlobalSection(SolutionProperties) = preSolution
		HideSolutionNode = FALSE
	EndGlobalSection
	GlobalSection(ExtensibilityGlobals) = postSolution
		SolutionGuid = {653F8211-9C9C-45C2-AA93-FACDB4CE3B54}
	EndGlobalSection
EndGlobal
